Microsoft Visual Studio Solution File, Format Version 12.00
# Visual Studio Version 17
VisualStudioVersion = 17.5.2.0
MinimumVisualStudioVersion = 10.0.40219.1
Project("{FAE04EC0-301F-11D3-BF4B-00C04F79EFBC}") = "ex001", "ex001\ex001.csproj", "{D1006FB0-4038-6C70-7112-A9C671F7F34C}"
EndProject
Project("{FAE04EC0-301F-11D3-BF4B-00C04F79EFBC}") = "ex002", "ex002\ex002.csproj", "{C0CBB6E2-AA65-8976-42AE-925A841B7F33}"
EndProject
Project("{FAE04EC0-301F-11D3-BF4B-00C04F79EFBC}") = "ex003", "ex003\ex003.csproj", "{BE143097-5083-D21B-7B27-A307A18F8139}"
EndProject
Project("{FAE04EC0-301F-11D3-BF4B-00C04F79EFBC}") = "ex004", "ex004\ex004.csproj", "{D17FD59A-7940-2A14-31B3-B62B4D73B37D}"
EndProject
Project("{FAE04EC0-301F-11D3-BF4B-00C04F79EFBC}") = "ex005", "ex005\ex005.csproj", "{7CF1D535-E6ED-4B57-704B-D0195E18EBCD}"
EndProject
Project("{FAE04EC0-301F-11D3-BF4B-00C04F79EFBC}") = "ex006", "ex006\ex006.csproj", "{30221B08-7F67-AE87-44CD-2DCD910B87A3}"
EndProject
Project("{FAE04EC0-301F-11D3-BF4B-00C04F79EFBC}") = "ex007", "ex007\ex007.csproj", "{95029EA2-894B-D308-8FC8-0B6AC51E9D18}"
EndProject
Project("{FAE04EC0-301F-11D3-BF4B-00C04F79EFBC}") = "ex008", "ex008\ex008.csproj", "{C8F154F1-7B8B-A8EB-BC0E-E1C3073274C6}"
EndProject
Project("{FAE04EC0-301F-11D3-BF4B-00C04F79EFBC}") = "ex009", "ex009\ex009.csproj", "{C2D67FFA-0345-7780-C2D9-EEEE70AB0006}"
EndProject
Project("{FAE04EC0-301F-11D3-BF4B-00C04F79EFBC}") = "ex010", "ex010\ex010.csproj", "{52BDFB0F-C9E2-9C9D-6203-9A1055E85780}"
EndProject
Project("{FAE04EC0-301F-11D3-BF4B-00C04F79EFBC}") = "ex011", "ex011\ex011.csproj", "{DE90FEA7-F11B-746C-4208-87C86E6F1104}"
EndProject
Project("{FAE04EC0-301F-11D3-BF4B-00C04F79EFBC}") = "ex012", "ex012\ex012.csproj", "{E0BB6044-5A10-3844-2003-82A12EC205F4}"
EndProject
Project("{FAE04EC0-301F-11D3-BF4B-00C04F79EFBC}") = "ex013", "ex013\ex013.csproj", "{174931AA-FF10-BB1C-5086-789ADAE5379B}"
EndProject
Project("{FAE04EC0-301F-11D3-BF4B-00C04F79EFBC}") = "ex014", "ex014\ex014.csproj", "{C86AE5D6-CD3A-1089-886C-D51D5AB50074}"
EndProject
Project("{FAE04EC0-301F-11D3-BF4B-00C04F79EFBC}") = "ex015", "ex015\ex015.csproj", "{C71BCA68-A88A-D834-D35F-D22733F97AD0}"
EndProject
Project("{FAE04EC0-301F-11D3-BF4B-00C04F79EFBC}") = "ex016", "ex016\ex016.csproj", "{77B0EA47-CE93-3CFF-1A94-F76857D286D1}"
EndProject
Project("{FAE04EC0-301F-11D3-BF4B-00C04F79EFBC}") = "ex017", "ex017\ex017.csproj", "{5F038EB4-60FF-A4F2-ACDE-6B448F6B0269}"
EndProject
Project("{FAE04EC0-301F-11D3-BF4B-00C04F79EFBC}") = "ex018", "ex018\ex018.csproj", "{8D4FFB8D-9F57-83B0-23D9-FC01E6A739EC}"
EndProject
Project("{FAE04EC0-301F-11D3-BF4B-00C04F79EFBC}") = "ex019", "ex019\ex019.csproj", "{7AD00017-CA8D-5144-0BD7-859D02E123FC}"
EndProject
Project("{FAE04EC0-301F-11D3-BF4B-00C04F79EFBC}") = "ex020", "ex020\ex020.csproj", "{3DDA9F8D-63EF-6026-5E57-9D417C212AB7}"
EndProject
Project("{FAE04EC0-301F-11D3-BF4B-00C04F79EFBC}") = "ex021", "ex021\ex021.csproj", "{96B0FB7E-F2B1-B17A-B7D7-75923B096F77}"
EndProject
Project("{FAE04EC0-301F-11D3-BF4B-00C04F79EFBC}") = "ex022", "ex022\ex022.csproj", "{9066114E-2315-04FC-47E4-6AC43DA1A675}"
EndProject
Project("{FAE04EC0-301F-11D3-BF4B-00C04F79EFBC}") = "ex023", "ex023\ex023.csproj", "{A582CAF9-953F-A99C-B1DC-00AB83AFA6EF}"
EndProject
Project("{FAE04EC0-301F-11D3-BF4B-00C04F79EFBC}") = "ex024", "ex024\ex024.csproj", "{4475D912-4B9D-D2C1-A70A-9E8F71D9617A}"
EndProject
Project("{FAE04EC0-301F-11D3-BF4B-00C04F79EFBC}") = "ex025", "ex025\ex025.csproj", "{F638DA44-219A-12E2-CD28-D782EBE8B660}"
EndProject
Project("{FAE04EC0-301F-11D3-BF4B-00C04F79EFBC}") = "ex026", "ex026\ex026.csproj", "{7A1D0718-953E-8822-78F9-A095F0D2C73E}"
EndProject
Project("{FAE04EC0-301F-11D3-BF4B-00C04F79EFBC}") = "ex027", "ex027\ex027.csproj", "{C9D8FCC5-1E8A-B107-C0B0-98C5AF0EB94D}"
EndProject
Project("{FAE04EC0-301F-11D3-BF4B-00C04F79EFBC}") = "ex028", "ex028\ex028.csproj", "{3F95D9F1-05EE-0E85-A71A-31929B0D5880}"
EndProject
Project("{FAE04EC0-301F-11D3-BF4B-00C04F79EFBC}") = "ex029", "ex029\ex029.csproj", "{E5701737-3082-74CC-8EAD-C93080274984}"
EndProject
Project("{FAE04EC0-301F-11D3-BF4B-00C04F79EFBC}") = "ex030", "ex030\ex030.csproj", "{D5116493-5413-A34D-E4B3-254131CC6B18}"
EndProject
Project("{FAE04EC0-301F-11D3-BF4B-00C04F79EFBC}") = "ex032", "ex032\ex032.csproj", "{F4EBE154-2644-A530-2CDD-04386E9F915B}"
EndProject
Project("{FAE04EC0-301F-11D3-BF4B-00C04F79EFBC}") = "ex033", "ex033\ex033.csproj", "{CA610BF9-250D-25D8-7EB9-81F028A46098}"
EndProject
Project("{FAE04EC0-301F-11D3-BF4B-00C04F79EFBC}") = "ex034", "ex034\ex034.csproj", "{0E2C1F55-984E-A4B6-2525-CF9C42976D4F}"
EndProject
Project("{FAE04EC0-301F-11D3-BF4B-00C04F79EFBC}") = "ex035", "ex035\ex035.csproj", "{9F68E236-51B3-CE1E-96A9-B74A0D9A059A}"
EndProject
Project("{FAE04EC0-301F-11D3-BF4B-00C04F79EFBC}") = "ex036", "ex036\ex036.csproj", "{26F86401-70E5-FB1A-D4B6-A2597FAAE135}"
EndProject
Project("{FAE04EC0-301F-11D3-BF4B-00C04F79EFBC}") = "ex037", "ex037\ex037.csproj", "{8502E0AE-6FE7-A33A-F8EC-C37CE72761DC}"
EndProject
Project("{FAE04EC0-301F-11D3-BF4B-00C04F79EFBC}") = "ex038", "ex038\ex038.csproj", "{4EC862B0-3F28-C510-8C79-A6F8D1E2D2E5}"
EndProject
Project("{FAE04EC0-301F-11D3-BF4B-00C04F79EFBC}") = "ex039", "ex039\ex039.csproj", "{4B509421-2952-8C31-F087-96BC4C5240AC}"
EndProject
Project("{FAE04EC0-301F-11D3-BF4B-00C04F79EFBC}") = "ex040", "ex040\ex040.csproj", "{D922A959-1EE6-76C9-2837-24DC391C4877}"
EndProject
Project("{FAE04EC0-301F-11D3-BF4B-00C04F79EFBC}") = "ex041", "ex041\ex041.csproj", "{97D2AA51-9E3A-CE98-C74C-437B8DC34C23}"
EndProject
Project("{FAE04EC0-301F-11D3-BF4B-00C04F79EFBC}") = "ex042", "ex042\ex042.csproj", "{9670C2B8-B4C6-EB6E-E7F7-11234776DDC2}"
EndProject
Project("{FAE04EC0-301F-11D3-BF4B-00C04F79EFBC}") = "ex043", "ex043\ex043.csproj", "{B92A36FF-6124-C0B3-AA52-258EBE0026D8}"
EndProject
Project("{FAE04EC0-301F-11D3-BF4B-00C04F79EFBC}") = "ex044", "ex044\ex044.csproj", "{EF8753EB-DC99-1617-6A1B-D08A68956A8B}"
EndProject
Project("{FAE04EC0-301F-11D3-BF4B-00C04F79EFBC}") = "ex045", "ex045\ex045.csproj", "{88B40E9B-C010-7C80-7895-11B4E80827E9}"
EndProject
Project("{FAE04EC0-301F-11D3-BF4B-00C04F79EFBC}") = "ex046", "ex046\ex046.csproj", "{6980CA94-CFDF-4151-8B91-BC8D22586723}"
EndProject
Project("{FAE04EC0-301F-11D3-BF4B-00C04F79EFBC}") = "ex047", "ex047\ex047.csproj", "{93231B9A-F179-B888-93DC-0760A66B519B}"
EndProject
Project("{FAE04EC0-301F-11D3-BF4B-00C04F79EFBC}") = "ex048", "ex048\ex048.csproj", "{22983242-5B79-7C0E-97A8-DE57ED84161A}"
EndProject
Project("{FAE04EC0-301F-11D3-BF4B-00C04F79EFBC}") = "ex049", "ex049\ex049.csproj", "{D7A58235-C887-A54D-DC89-BD097879B2ED}"
EndProject
Project("{FAE04EC0-301F-11D3-BF4B-00C04F79EFBC}") = "ex050", "ex050\ex050.csproj", "{61843F0C-0DD1-3C58-0FC1-E7A573DCDCDA}"
EndProject
Project("{FAE04EC0-301F-11D3-BF4B-00C04F79EFBC}") = "ex051", "ex051\ex051.csproj", "{18CA6DD6-81D8-AFA2-622A-356044C43C0F}"
EndProject
Project("{FAE04EC0-301F-11D3-BF4B-00C04F79EFBC}") = "ex052", "ex052\ex052.csproj", "{312A98AF-DD36-CB94-CD2D-FC828310CB43}"
EndProject
Project("{FAE04EC0-301F-11D3-BF4B-00C04F79EFBC}") = "ex053", "ex053\ex053.csproj", "{DDCBD7AA-0251-D976-DD48-E2F4EF1AAA85}"
EndProject
Project("{FAE04EC0-301F-11D3-BF4B-00C04F79EFBC}") = "ex054", "ex054\ex054.csproj", "{283B96EC-4AB2-F486-2B8C-DE104E3CC774}"
EndProject
Project("{FAE04EC0-301F-11D3-BF4B-00C04F79EFBC}") = "ex055", "ex055\ex055.csproj", "{0246228B-0169-7CC4-F528-DE5ADE279507}"
EndProject
Project("{FAE04EC0-301F-11D3-BF4B-00C04F79EFBC}") = "ex056", "ex056\ex056.csproj", "{B2EFB15A-062C-E10E-AB6B-8C0F027676DE}"
EndProject
Project("{FAE04EC0-301F-11D3-BF4B-00C04F79EFBC}") = "ex057", "ex057\ex057.csproj", "{1CF38070-597E-F530-6793-81D6D23A2BCC}"
EndProject
Project("{FAE04EC0-301F-11D3-BF4B-00C04F79EFBC}") = "ex058", "ex058\ex058.csproj", "{BDE0B92B-7F9E-3B1C-192E-E54F5822A241}"
EndProject
Project("{FAE04EC0-301F-11D3-BF4B-00C04F79EFBC}") = "ex059", "ex059\ex059.csproj", "{A06502A6-49AA-AEFE-DEDE-FFFD0BF6ECA3}"
EndProject
Project("{FAE04EC0-301F-11D3-BF4B-00C04F79EFBC}") = "ex060", "ex060\ex060.csproj", "{05F8E5E9-2F5B-0B03-6C52-81754E56331D}"
EndProject
Project("{FAE04EC0-301F-11D3-BF4B-00C04F79EFBC}") = "ex061", "ex061\ex061.csproj", "{EE6744B5-0D05-5BA4-36C5-E8F7E50F11DD}"
EndProject
Project("{FAE04EC0-301F-11D3-BF4B-00C04F79EFBC}") = "ex062", "ex062\ex062.csproj", "{0EE0DA2A-4EC8-EED6-5E5D-6A2E0919145A}"
EndProject
Project("{FAE04EC0-301F-11D3-BF4B-00C04F79EFBC}") = "ex063", "ex063\ex063.csproj", "{5BA7015E-61F7-ECBF-F74B-1335350E3001}"
EndProject
Project("{FAE04EC0-301F-11D3-BF4B-00C04F79EFBC}") = "ex064", "ex064\ex064.csproj", "{CAA288B1-066E-F864-8C2A-F74425CC2E6F}"
EndProject
Project("{FAE04EC0-301F-11D3-BF4B-00C04F79EFBC}") = "ex065", "ex065\ex065.csproj", "{609FA932-D98C-7CA1-ACFE-6900524739CF}"
EndProject
Project("{FAE04EC0-301F-11D3-BF4B-00C04F79EFBC}") = "ex066", "ex066\ex066.csproj", "{31520958-BD8A-A056-F955-C43CF92101A2}"
EndProject
Project("{FAE04EC0-301F-11D3-BF4B-00C04F79EFBC}") = "ex067", "ex067\ex067.csproj", "{5B66AE76-D87C-154E-9DAB-F65C48BD7D8F}"
EndProject
Project("{FAE04EC0-301F-11D3-BF4B-00C04F79EFBC}") = "ex067b", "ex067b\ex067b.csproj", "{95540C97-1D1D-8A42-43B7-27CEDF34D582}"
EndProject
Project("{FAE04EC0-301F-11D3-BF4B-00C04F79EFBC}") = "ex068", "ex068\ex068.csproj", "{10A64696-6FFE-CC99-B51A-CEF6450661A3}"
EndProject
Project("{FAE04EC0-301F-11D3-BF4B-00C04F79EFBC}") = "ex068b", "ex068b\ex068b.csproj", "{70BB2F1D-4265-A204-9CE9-16DCF0414273}"
EndProject
Project("{FAE04EC0-301F-11D3-BF4B-00C04F79EFBC}") = "ex069", "ex069\ex069.csproj", "{8B85EE51-C1F7-08E3-7AF8-796F9A2C6F43}"
EndProject
Project("{FAE04EC0-301F-11D3-BF4B-00C04F79EFBC}") = "ex070", "ex070\ex070.csproj", "{3311EF85-F3DC-E9E8-BF50-04403E0D5956}"
EndProject
Project("{FAE04EC0-301F-11D3-BF4B-00C04F79EFBC}") = "ex071", "ex071\ex071.csproj", "{E5334234-978D-7673-1D07-656CA92896D0}"
EndProject
Project("{FAE04EC0-301F-11D3-BF4B-00C04F79EFBC}") = "ex072", "ex072\ex072.csproj", "{A481C130-B47D-6E42-B3F8-B95427EA796C}"
EndProject
Project("{FAE04EC0-301F-11D3-BF4B-00C04F79EFBC}") = "ex073", "ex073\ex073.csproj", "{9B16227E-3E10-41AC-604E-EBC1478250FC}"
EndProject
Project("{FAE04EC0-301F-11D3-BF4B-00C04F79EFBC}") = "ex074", "ex074\ex074.csproj", "{D5CE98E4-251E-891F-FB66-0EED9E8BB21D}"
EndProject
Project("{FAE04EC0-301F-11D3-BF4B-00C04F79EFBC}") = "ex075", "ex075\ex075.csproj", "{22BD96F4-C08A-8826-E8F7-31723FE73815}"
EndProject
Project("{FAE04EC0-301F-11D3-BF4B-00C04F79EFBC}") = "ex076", "ex076\ex076.csproj", "{19D681D2-21B8-04AF-3EC3-33CE20E4158A}"
EndProject
Project("{FAE04EC0-301F-11D3-BF4B-00C04F79EFBC}") = "ex077", "ex077\ex077.csproj", "{76111A59-0843-333F-5BD9-B62EB431FE03}"
EndProject
Project("{FAE04EC0-301F-11D3-BF4B-00C04F79EFBC}") = "ex078", "ex078\ex078.csproj", "{E2D630E2-E0B1-D439-182A-8089068CEDC5}"
EndProject
Project("{FAE04EC0-301F-11D3-BF4B-00C04F79EFBC}") = "ex079", "ex079\ex079.csproj", "{6A2B2592-6E9E-9E23-13C3-B30E682B858E}"
EndProject
Project("{FAE04EC0-301F-11D3-BF4B-00C04F79EFBC}") = "ex080", "ex080\ex080.csproj", "{41EEA6A3-75BA-383D-A58A-3F499F2B1CA9}"
EndProject
Project("{FAE04EC0-301F-11D3-BF4B-00C04F79EFBC}") = "ex081", "ex081\ex081.csproj", "{B3092AD2-A24E-EAE1-5864-77624EB04801}"
EndProject
Project("{FAE04EC0-301F-11D3-BF4B-00C04F79EFBC}") = "ex082", "ex082\ex082.csproj", "{A678721F-AE1B-E96E-E608-086B5CB24506}"
EndProject
Project("{FAE04EC0-301F-11D3-BF4B-00C04F79EFBC}") = "ex083", "ex083\ex083.csproj", "{15EB02F0-1600-2457-A7AC-FAC0387F84A4}"
EndProject
Project("{FAE04EC0-301F-11D3-BF4B-00C04F79EFBC}") = "ex084", "ex084\ex084.csproj", "{B3A2F0EB-FC01-7C51-38F5-4878FDA4BDE1}"
EndProject
Project("{FAE04EC0-301F-11D3-BF4B-00C04F79EFBC}") = "ex085", "ex085\ex085.csproj", "{2209C083-2443-930F-9BF6-7F03732FB5FB}"
EndProject
Project("{FAE04EC0-301F-11D3-BF4B-00C04F79EFBC}") = "ex086", "ex086\ex086.csproj", "{F623A267-7FEF-208E-B756-2C5A2813F190}"
EndProject
Project("{FAE04EC0-301F-11D3-BF4B-00C04F79EFBC}") = "ex087", "ex087\ex087.csproj", "{DC3A995B-809D-BAD5-09D0-E30BCBDCDDA9}"
EndProject
Project("{FAE04EC0-301F-11D3-BF4B-00C04F79EFBC}") = "ex088", "ex088\ex088.csproj", "{FF403B32-B666-1AD4-CA8B-D577C02E25E7}"
EndProject
Project("{FAE04EC0-301F-11D3-BF4B-00C04F79EFBC}") = "ex089", "ex089\ex089.csproj", "{E48D4BE1-1416-27FD-8F15-2F972A57F74F}"
EndProject
Project("{FAE04EC0-301F-11D3-BF4B-00C04F79EFBC}") = "ex090", "ex090\ex090.csproj", "{4B56F665-2582-73F4-E311-8DA9C560AAB2}"
EndProject
Project("{FAE04EC0-301F-11D3-BF4B-00C04F79EFBC}") = "ex091", "ex091\ex091.csproj", "{A64D2F33-2B22-2644-59E3-99753924ADD6}"
EndProject
Project("{FAE04EC0-301F-11D3-BF4B-00C04F79EFBC}") = "ex092", "ex092\ex092.csproj", "{98E52EE6-20A2-A171-3516-A7606D5F42AF}"
EndProject
Project("{FAE04EC0-301F-11D3-BF4B-00C04F79EFBC}") = "ex093", "ex093\ex093.csproj", "{352CF307-6DA1-1019-B126-649D80155ED9}"
EndProject
Project("{FAE04EC0-301F-11D3-BF4B-00C04F79EFBC}") = "ex094", "ex094\ex094.csproj", "{D42B2AC8-423F-5EDC-95AC-DA56B3EAA12F}"
EndProject
Project("{FAE04EC0-301F-11D3-BF4B-00C04F79EFBC}") = "ex095", "ex095\ex095.csproj", "{814A0D87-E118-BDE2-4958-F3455F171589}"
EndProject
Project("{FAE04EC0-301F-11D3-BF4B-00C04F79EFBC}") = "ex096", "ex096\ex096.csproj", "{84335145-F4D1-DAE0-00FA-FF4E8E3B3D13}"
EndProject
Project("{FAE04EC0-301F-11D3-BF4B-00C04F79EFBC}") = "ex097", "ex097\ex097.csproj", "{A02A011D-130D-FBE7-C20A-84B824D6E738}"
EndProject
Project("{FAE04EC0-301F-11D3-BF4B-00C04F79EFBC}") = "ex098", "ex098\ex098.csproj", "{7816B773-A230-71FF-96DF-4F045BCC484C}"
EndProject
Project("{FAE04EC0-301F-11D3-BF4B-00C04F79EFBC}") = "ex099", "ex099\ex099.csproj", "{1D5FF21D-C363-2DFC-7D60-C98CA4E207FE}"
EndProject
Project("{FAE04EC0-301F-11D3-BF4B-00C04F79EFBC}") = "ex100", "ex100\ex100.csproj", "{DA230D93-6E12-7740-E2BC-B44849CEAEE0}"
EndProject
Global
	GlobalSection(SolutionConfigurationPlatforms) = preSolution
		Debug|Any CPU = Debug|Any CPU
		Release|Any CPU = Release|Any CPU
	EndGlobalSection
	GlobalSection(ProjectConfigurationPlatforms) = postSolution
		{D1006FB0-4038-6C70-7112-A9C671F7F34C}.Debug|Any CPU.ActiveCfg = Debug|Any CPU
		{D1006FB0-4038-6C70-7112-A9C671F7F34C}.Debug|Any CPU.Build.0 = Debug|Any CPU
		{D1006FB0-4038-6C70-7112-A9C671F7F34C}.Release|Any CPU.ActiveCfg = Release|Any CPU
		{D1006FB0-4038-6C70-7112-A9C671F7F34C}.Release|Any CPU.Build.0 = Release|Any CPU
		{C0CBB6E2-AA65-8976-42AE-925A841B7F33}.Debug|Any CPU.ActiveCfg = Debug|Any CPU
		{C0CBB6E2-AA65-8976-42AE-925A841B7F33}.Debug|Any CPU.Build.0 = Debug|Any CPU
		{C0CBB6E2-AA65-8976-42AE-925A841B7F33}.Release|Any CPU.ActiveCfg = Release|Any CPU
		{C0CBB6E2-AA65-8976-42AE-925A841B7F33}.Release|Any CPU.Build.0 = Release|Any CPU
		{BE143097-5083-D21B-7B27-A307A18F8139}.Debug|Any CPU.ActiveCfg = Debug|Any CPU
		{BE143097-5083-D21B-7B27-A307A18F8139}.Debug|Any CPU.Build.0 = Debug|Any CPU
		{BE143097-5083-D21B-7B27-A307A18F8139}.Release|Any CPU.ActiveCfg = Release|Any CPU
		{BE143097-5083-D21B-7B27-A307A18F8139}.Release|Any CPU.Build.0 = Release|Any CPU
		{D17FD59A-7940-2A14-31B3-B62B4D73B37D}.Debug|Any CPU.ActiveCfg = Debug|Any CPU
		{D17FD59A-7940-2A14-31B3-B62B4D73B37D}.Debug|Any CPU.Build.0 = Debug|Any CPU
		{D17FD59A-7940-2A14-31B3-B62B4D73B37D}.Release|Any CPU.ActiveCfg = Release|Any CPU
		{D17FD59A-7940-2A14-31B3-B62B4D73B37D}.Release|Any CPU.Build.0 = Release|Any CPU
		{7CF1D535-E6ED-4B57-704B-D0195E18EBCD}.Debug|Any CPU.ActiveCfg = Debug|Any CPU
		{7CF1D535-E6ED-4B57-704B-D0195E18EBCD}.Debug|Any CPU.Build.0 = Debug|Any CPU
		{7CF1D535-E6ED-4B57-704B-D0195E18EBCD}.Release|Any CPU.ActiveCfg = Release|Any CPU
		{7CF1D535-E6ED-4B57-704B-D0195E18EBCD}.Release|Any CPU.Build.0 = Release|Any CPU
		{30221B08-7F67-AE87-44CD-2DCD910B87A3}.Debug|Any CPU.ActiveCfg = Debug|Any CPU
		{30221B08-7F67-AE87-44CD-2DCD910B87A3}.Debug|Any CPU.Build.0 = Debug|Any CPU
		{30221B08-7F67-AE87-44CD-2DCD910B87A3}.Release|Any CPU.ActiveCfg = Release|Any CPU
		{30221B08-7F67-AE87-44CD-2DCD910B87A3}.Release|Any CPU.Build.0 = Release|Any CPU
		{95029EA2-894B-D308-8FC8-0B6AC51E9D18}.Debug|Any CPU.ActiveCfg = Debug|Any CPU
		{95029EA2-894B-D308-8FC8-0B6AC51E9D18}.Debug|Any CPU.Build.0 = Debug|Any CPU
		{95029EA2-894B-D308-8FC8-0B6AC51E9D18}.Release|Any CPU.ActiveCfg = Release|Any CPU
		{95029EA2-894B-D308-8FC8-0B6AC51E9D18}.Release|Any CPU.Build.0 = Release|Any CPU
		{C8F154F1-7B8B-A8EB-BC0E-E1C3073274C6}.Debug|Any CPU.ActiveCfg = Debug|Any CPU
		{C8F154F1-7B8B-A8EB-BC0E-E1C3073274C6}.Debug|Any CPU.Build.0 = Debug|Any CPU
		{C8F154F1-7B8B-A8EB-BC0E-E1C3073274C6}.Release|Any CPU.ActiveCfg = Release|Any CPU
		{C8F154F1-7B8B-A8EB-BC0E-E1C3073274C6}.Release|Any CPU.Build.0 = Release|Any CPU
		{C2D67FFA-0345-7780-C2D9-EEEE70AB0006}.Debug|Any CPU.ActiveCfg = Debug|Any CPU
		{C2D67FFA-0345-7780-C2D9-EEEE70AB0006}.Debug|Any CPU.Build.0 = Debug|Any CPU
		{C2D67FFA-0345-7780-C2D9-EEEE70AB0006}.Release|Any CPU.ActiveCfg = Release|Any CPU
		{C2D67FFA-0345-7780-C2D9-EEEE70AB0006}.Release|Any CPU.Build.0 = Release|Any CPU
		{52BDFB0F-C9E2-9C9D-6203-9A1055E85780}.Debug|Any CPU.ActiveCfg = Debug|Any CPU
		{52BDFB0F-C9E2-9C9D-6203-9A1055E85780}.Debug|Any CPU.Build.0 = Debug|Any CPU
		{52BDFB0F-C9E2-9C9D-6203-9A1055E85780}.Release|Any CPU.ActiveCfg = Release|Any CPU
		{52BDFB0F-C9E2-9C9D-6203-9A1055E85780}.Release|Any CPU.Build.0 = Release|Any CPU
		{DE90FEA7-F11B-746C-4208-87C86E6F1104}.Debug|Any CPU.ActiveCfg = Debug|Any CPU
		{DE90FEA7-F11B-746C-4208-87C86E6F1104}.Debug|Any CPU.Build.0 = Debug|Any CPU
		{DE90FEA7-F11B-746C-4208-87C86E6F1104}.Release|Any CPU.ActiveCfg = Release|Any CPU
		{DE90FEA7-F11B-746C-4208-87C86E6F1104}.Release|Any CPU.Build.0 = Release|Any CPU
		{E0BB6044-5A10-3844-2003-82A12EC205F4}.Debug|Any CPU.ActiveCfg = Debug|Any CPU
		{E0BB6044-5A10-3844-2003-82A12EC205F4}.Debug|Any CPU.Build.0 = Debug|Any CPU
		{E0BB6044-5A10-3844-2003-82A12EC205F4}.Release|Any CPU.ActiveCfg = Release|Any CPU
		{E0BB6044-5A10-3844-2003-82A12EC205F4}.Release|Any CPU.Build.0 = Release|Any CPU
		{174931AA-FF10-BB1C-5086-789ADAE5379B}.Debug|Any CPU.ActiveCfg = Debug|Any CPU
		{174931AA-FF10-BB1C-5086-789ADAE5379B}.Debug|Any CPU.Build.0 = Debug|Any CPU
		{174931AA-FF10-BB1C-5086-789ADAE5379B}.Release|Any CPU.ActiveCfg = Release|Any CPU
		{174931AA-FF10-BB1C-5086-789ADAE5379B}.Release|Any CPU.Build.0 = Release|Any CPU
		{C86AE5D6-CD3A-1089-886C-D51D5AB50074}.Debug|Any CPU.ActiveCfg = Debug|Any CPU
		{C86AE5D6-CD3A-1089-886C-D51D5AB50074}.Debug|Any CPU.Build.0 = Debug|Any CPU
		{C86AE5D6-CD3A-1089-886C-D51D5AB50074}.Release|Any CPU.ActiveCfg = Release|Any CPU
		{C86AE5D6-CD3A-1089-886C-D51D5AB50074}.Release|Any CPU.Build.0 = Release|Any CPU
		{C71BCA68-A88A-D834-D35F-D22733F97AD0}.Debug|Any CPU.ActiveCfg = Debug|Any CPU
		{C71BCA68-A88A-D834-D35F-D22733F97AD0}.Debug|Any CPU.Build.0 = Debug|Any CPU
		{C71BCA68-A88A-D834-D35F-D22733F97AD0}.Release|Any CPU.ActiveCfg = Release|Any CPU
		{C71BCA68-A88A-D834-D35F-D22733F97AD0}.Release|Any CPU.Build.0 = Release|Any CPU
		{77B0EA47-CE93-3CFF-1A94-F76857D286D1}.Debug|Any CPU.ActiveCfg = Debug|Any CPU
		{77B0EA47-CE93-3CFF-1A94-F76857D286D1}.Debug|Any CPU.Build.0 = Debug|Any CPU
		{77B0EA47-CE93-3CFF-1A94-F76857D286D1}.Release|Any CPU.ActiveCfg = Release|Any CPU
		{77B0EA47-CE93-3CFF-1A94-F76857D286D1}.Release|Any CPU.Build.0 = Release|Any CPU
		{5F038EB4-60FF-A4F2-ACDE-6B448F6B0269}.Debug|Any CPU.ActiveCfg = Debug|Any CPU
		{5F038EB4-60FF-A4F2-ACDE-6B448F6B0269}.Debug|Any CPU.Build.0 = Debug|Any CPU
		{5F038EB4-60FF-A4F2-ACDE-6B448F6B0269}.Release|Any CPU.ActiveCfg = Release|Any CPU
		{5F038EB4-60FF-A4F2-ACDE-6B448F6B0269}.Release|Any CPU.Build.0 = Release|Any CPU
		{8D4FFB8D-9F57-83B0-23D9-FC01E6A739EC}.Debug|Any CPU.ActiveCfg = Debug|Any CPU
		{8D4FFB8D-9F57-83B0-23D9-FC01E6A739EC}.Debug|Any CPU.Build.0 = Debug|Any CPU
		{8D4FFB8D-9F57-83B0-23D9-FC01E6A739EC}.Release|Any CPU.ActiveCfg = Release|Any CPU
		{8D4FFB8D-9F57-83B0-23D9-FC01E6A739EC}.Release|Any CPU.Build.0 = Release|Any CPU
		{7AD00017-CA8D-5144-0BD7-859D02E123FC}.Debug|Any CPU.ActiveCfg = Debug|Any CPU
		{7AD00017-CA8D-5144-0BD7-859D02E123FC}.Debug|Any CPU.Build.0 = Debug|Any CPU
		{7AD00017-CA8D-5144-0BD7-859D02E123FC}.Release|Any CPU.ActiveCfg = Release|Any CPU
		{7AD00017-CA8D-5144-0BD7-859D02E123FC}.Release|Any CPU.Build.0 = Release|Any CPU
		{3DDA9F8D-63EF-6026-5E57-9D417C212AB7}.Debug|Any CPU.ActiveCfg = Debug|Any CPU
		{3DDA9F8D-63EF-6026-5E57-9D417C212AB7}.Debug|Any CPU.Build.0 = Debug|Any CPU
		{3DDA9F8D-63EF-6026-5E57-9D417C212AB7}.Release|Any CPU.ActiveCfg = Release|Any CPU
		{3DDA9F8D-63EF-6026-5E57-9D417C212AB7}.Release|Any CPU.Build.0 = Release|Any CPU
		{96B0FB7E-F2B1-B17A-B7D7-75923B096F77}.Debug|Any CPU.ActiveCfg = Debug|Any CPU
		{96B0FB7E-F2B1-B17A-B7D7-75923B096F77}.Debug|Any CPU.Build.0 = Debug|Any CPU
		{96B0FB7E-F2B1-B17A-B7D7-75923B096F77}.Release|Any CPU.ActiveCfg = Release|Any CPU
		{96B0FB7E-F2B1-B17A-B7D7-75923B096F77}.Release|Any CPU.Build.0 = Release|Any CPU
		{9066114E-2315-04FC-47E4-6AC43DA1A675}.Debug|Any CPU.ActiveCfg = Debug|Any CPU
		{9066114E-2315-04FC-47E4-6AC43DA1A675}.Debug|Any CPU.Build.0 = Debug|Any CPU
		{9066114E-2315-04FC-47E4-6AC43DA1A675}.Release|Any CPU.ActiveCfg = Release|Any CPU
		{9066114E-2315-04FC-47E4-6AC43DA1A675}.Release|Any CPU.Build.0 = Release|Any CPU
		{A582CAF9-953F-A99C-B1DC-00AB83AFA6EF}.Debug|Any CPU.ActiveCfg = Debug|Any CPU
		{A582CAF9-953F-A99C-B1DC-00AB83AFA6EF}.Debug|Any CPU.Build.0 = Debug|Any CPU
		{A582CAF9-953F-A99C-B1DC-00AB83AFA6EF}.Release|Any CPU.ActiveCfg = Release|Any CPU
		{A582CAF9-953F-A99C-B1DC-00AB83AFA6EF}.Release|Any CPU.Build.0 = Release|Any CPU
		{4475D912-4B9D-D2C1-A70A-9E8F71D9617A}.Debug|Any CPU.ActiveCfg = Debug|Any CPU
		{4475D912-4B9D-D2C1-A70A-9E8F71D9617A}.Debug|Any CPU.Build.0 = Debug|Any CPU
		{4475D912-4B9D-D2C1-A70A-9E8F71D9617A}.Release|Any CPU.ActiveCfg = Release|Any CPU
		{4475D912-4B9D-D2C1-A70A-9E8F71D9617A}.Release|Any CPU.Build.0 = Release|Any CPU
		{F638DA44-219A-12E2-CD28-D782EBE8B660}.Debug|Any CPU.ActiveCfg = Debug|Any CPU
		{F638DA44-219A-12E2-CD28-D782EBE8B660}.Debug|Any CPU.Build.0 = Debug|Any CPU
		{F638DA44-219A-12E2-CD28-D782EBE8B660}.Release|Any CPU.ActiveCfg = Release|Any CPU
		{F638DA44-219A-12E2-CD28-D782EBE8B660}.Release|Any CPU.Build.0 = Release|Any CPU
		{7A1D0718-953E-8822-78F9-A095F0D2C73E}.Debug|Any CPU.ActiveCfg = Debug|Any CPU
		{7A1D0718-953E-8822-78F9-A095F0D2C73E}.Debug|Any CPU.Build.0 = Debug|Any CPU
		{7A1D0718-953E-8822-78F9-A095F0D2C73E}.Release|Any CPU.ActiveCfg = Release|Any CPU
		{7A1D0718-953E-8822-78F9-A095F0D2C73E}.Release|Any CPU.Build.0 = Release|Any CPU
		{C9D8FCC5-1E8A-B107-C0B0-98C5AF0EB94D}.Debug|Any CPU.ActiveCfg = Debug|Any CPU
		{C9D8FCC5-1E8A-B107-C0B0-98C5AF0EB94D}.Debug|Any CPU.Build.0 = Debug|Any CPU
		{C9D8FCC5-1E8A-B107-C0B0-98C5AF0EB94D}.Release|Any CPU.ActiveCfg = Release|Any CPU
		{C9D8FCC5-1E8A-B107-C0B0-98C5AF0EB94D}.Release|Any CPU.Build.0 = Release|Any CPU
		{3F95D9F1-05EE-0E85-A71A-31929B0D5880}.Debug|Any CPU.ActiveCfg = Debug|Any CPU
		{3F95D9F1-05EE-0E85-A71A-31929B0D5880}.Debug|Any CPU.Build.0 = Debug|Any CPU
		{3F95D9F1-05EE-0E85-A71A-31929B0D5880}.Release|Any CPU.ActiveCfg = Release|Any CPU
		{3F95D9F1-05EE-0E85-A71A-31929B0D5880}.Release|Any CPU.Build.0 = Release|Any CPU
		{E5701737-3082-74CC-8EAD-C93080274984}.Debug|Any CPU.ActiveCfg = Debug|Any CPU
		{E5701737-3082-74CC-8EAD-C93080274984}.Debug|Any CPU.Build.0 = Debug|Any CPU
		{E5701737-3082-74CC-8EAD-C93080274984}.Release|Any CPU.ActiveCfg = Release|Any CPU
		{E5701737-3082-74CC-8EAD-C93080274984}.Release|Any CPU.Build.0 = Release|Any CPU
		{D5116493-5413-A34D-E4B3-254131CC6B18}.Debug|Any CPU.ActiveCfg = Debug|Any CPU
		{D5116493-5413-A34D-E4B3-254131CC6B18}.Debug|Any CPU.Build.0 = Debug|Any CPU
		{D5116493-5413-A34D-E4B3-254131CC6B18}.Release|Any CPU.ActiveCfg = Release|Any CPU
		{D5116493-5413-A34D-E4B3-254131CC6B18}.Release|Any CPU.Build.0 = Release|Any CPU
		{F4EBE154-2644-A530-2CDD-04386E9F915B}.Debug|Any CPU.ActiveCfg = Debug|Any CPU
		{F4EBE154-2644-A530-2CDD-04386E9F915B}.Debug|Any CPU.Build.0 = Debug|Any CPU
		{F4EBE154-2644-A530-2CDD-04386E9F915B}.Release|Any CPU.ActiveCfg = Release|Any CPU
		{F4EBE154-2644-A530-2CDD-04386E9F915B}.Release|Any CPU.Build.0 = Release|Any CPU
		{CA610BF9-250D-25D8-7EB9-81F028A46098}.Debug|Any CPU.ActiveCfg = Debug|Any CPU
		{CA610BF9-250D-25D8-7EB9-81F028A46098}.Debug|Any CPU.Build.0 = Debug|Any CPU
		{CA610BF9-250D-25D8-7EB9-81F028A46098}.Release|Any CPU.ActiveCfg = Release|Any CPU
		{CA610BF9-250D-25D8-7EB9-81F028A46098}.Release|Any CPU.Build.0 = Release|Any CPU
		{0E2C1F55-984E-A4B6-2525-CF9C42976D4F}.Debug|Any CPU.ActiveCfg = Debug|Any CPU
		{0E2C1F55-984E-A4B6-2525-CF9C42976D4F}.Debug|Any CPU.Build.0 = Debug|Any CPU
		{0E2C1F55-984E-A4B6-2525-CF9C42976D4F}.Release|Any CPU.ActiveCfg = Release|Any CPU
		{0E2C1F55-984E-A4B6-2525-CF9C42976D4F}.Release|Any CPU.Build.0 = Release|Any CPU
		{9F68E236-51B3-CE1E-96A9-B74A0D9A059A}.Debug|Any CPU.ActiveCfg = Debug|Any CPU
		{9F68E236-51B3-CE1E-96A9-B74A0D9A059A}.Debug|Any CPU.Build.0 = Debug|Any CPU
		{9F68E236-51B3-CE1E-96A9-B74A0D9A059A}.Release|Any CPU.ActiveCfg = Release|Any CPU
		{9F68E236-51B3-CE1E-96A9-B74A0D9A059A}.Release|Any CPU.Build.0 = Release|Any CPU
		{26F86401-70E5-FB1A-D4B6-A2597FAAE135}.Debug|Any CPU.ActiveCfg = Debug|Any CPU
		{26F86401-70E5-FB1A-D4B6-A2597FAAE135}.Debug|Any CPU.Build.0 = Debug|Any CPU
		{26F86401-70E5-FB1A-D4B6-A2597FAAE135}.Release|Any CPU.ActiveCfg = Release|Any CPU
		{26F86401-70E5-FB1A-D4B6-A2597FAAE135}.Release|Any CPU.Build.0 = Release|Any CPU
		{8502E0AE-6FE7-A33A-F8EC-C37CE72761DC}.Debug|Any CPU.ActiveCfg = Debug|Any CPU
		{8502E0AE-6FE7-A33A-F8EC-C37CE72761DC}.Debug|Any CPU.Build.0 = Debug|Any CPU
		{8502E0AE-6FE7-A33A-F8EC-C37CE72761DC}.Release|Any CPU.ActiveCfg = Release|Any CPU
		{8502E0AE-6FE7-A33A-F8EC-C37CE72761DC}.Release|Any CPU.Build.0 = Release|Any CPU
		{4EC862B0-3F28-C510-8C79-A6F8D1E2D2E5}.Debug|Any CPU.ActiveCfg = Debug|Any CPU
		{4EC862B0-3F28-C510-8C79-A6F8D1E2D2E5}.Debug|Any CPU.Build.0 = Debug|Any CPU
		{4EC862B0-3F28-C510-8C79-A6F8D1E2D2E5}.Release|Any CPU.ActiveCfg = Release|Any CPU
		{4EC862B0-3F28-C510-8C79-A6F8D1E2D2E5}.Release|Any CPU.Build.0 = Release|Any CPU
		{4B509421-2952-8C31-F087-96BC4C5240AC}.Debug|Any CPU.ActiveCfg = Debug|Any CPU
		{4B509421-2952-8C31-F087-96BC4C5240AC}.Debug|Any CPU.Build.0 = Debug|Any CPU
		{4B509421-2952-8C31-F087-96BC4C5240AC}.Release|Any CPU.ActiveCfg = Release|Any CPU
		{4B509421-2952-8C31-F087-96BC4C5240AC}.Release|Any CPU.Build.0 = Release|Any CPU
		{D922A959-1EE6-76C9-2837-24DC391C4877}.Debug|Any CPU.ActiveCfg = Debug|Any CPU
		{D922A959-1EE6-76C9-2837-24DC391C4877}.Debug|Any CPU.Build.0 = Debug|Any CPU
		{D922A959-1EE6-76C9-2837-24DC391C4877}.Release|Any CPU.ActiveCfg = Release|Any CPU
		{D922A959-1EE6-76C9-2837-24DC391C4877}.Release|Any CPU.Build.0 = Release|Any CPU
		{97D2AA51-9E3A-CE98-C74C-437B8DC34C23}.Debug|Any CPU.ActiveCfg = Debug|Any CPU
		{97D2AA51-9E3A-CE98-C74C-437B8DC34C23}.Debug|Any CPU.Build.0 = Debug|Any CPU
		{97D2AA51-9E3A-CE98-C74C-437B8DC34C23}.Release|Any CPU.ActiveCfg = Release|Any CPU
		{97D2AA51-9E3A-CE98-C74C-437B8DC34C23}.Release|Any CPU.Build.0 = Release|Any CPU
		{9670C2B8-B4C6-EB6E-E7F7-11234776DDC2}.Debug|Any CPU.ActiveCfg = Debug|Any CPU
		{9670C2B8-B4C6-EB6E-E7F7-11234776DDC2}.Debug|Any CPU.Build.0 = Debug|Any CPU
		{9670C2B8-B4C6-EB6E-E7F7-11234776DDC2}.Release|Any CPU.ActiveCfg = Release|Any CPU
		{9670C2B8-B4C6-EB6E-E7F7-11234776DDC2}.Release|Any CPU.Build.0 = Release|Any CPU
		{B92A36FF-6124-C0B3-AA52-258EBE0026D8}.Debug|Any CPU.ActiveCfg = Debug|Any CPU
		{B92A36FF-6124-C0B3-AA52-258EBE0026D8}.Debug|Any CPU.Build.0 = Debug|Any CPU
		{B92A36FF-6124-C0B3-AA52-258EBE0026D8}.Release|Any CPU.ActiveCfg = Release|Any CPU
		{B92A36FF-6124-C0B3-AA52-258EBE0026D8}.Release|Any CPU.Build.0 = Release|Any CPU
		{EF8753EB-DC99-1617-6A1B-D08A68956A8B}.Debug|Any CPU.ActiveCfg = Debug|Any CPU
		{EF8753EB-DC99-1617-6A1B-D08A68956A8B}.Debug|Any CPU.Build.0 = Debug|Any CPU
		{EF8753EB-DC99-1617-6A1B-D08A68956A8B}.Release|Any CPU.ActiveCfg = Release|Any CPU
		{EF8753EB-DC99-1617-6A1B-D08A68956A8B}.Release|Any CPU.Build.0 = Release|Any CPU
		{88B40E9B-C010-7C80-7895-11B4E80827E9}.Debug|Any CPU.ActiveCfg = Debug|Any CPU
		{88B40E9B-C010-7C80-7895-11B4E80827E9}.Debug|Any CPU.Build.0 = Debug|Any CPU
		{88B40E9B-C010-7C80-7895-11B4E80827E9}.Release|Any CPU.ActiveCfg = Release|Any CPU
		{88B40E9B-C010-7C80-7895-11B4E80827E9}.Release|Any CPU.Build.0 = Release|Any CPU
		{6980CA94-CFDF-4151-8B91-BC8D22586723}.Debug|Any CPU.ActiveCfg = Debug|Any CPU
		{6980CA94-CFDF-4151-8B91-BC8D22586723}.Debug|Any CPU.Build.0 = Debug|Any CPU
		{6980CA94-CFDF-4151-8B91-BC8D22586723}.Release|Any CPU.ActiveCfg = Release|Any CPU
		{6980CA94-CFDF-4151-8B91-BC8D22586723}.Release|Any CPU.Build.0 = Release|Any CPU
		{93231B9A-F179-B888-93DC-0760A66B519B}.Debug|Any CPU.ActiveCfg = Debug|Any CPU
		{93231B9A-F179-B888-93DC-0760A66B519B}.Debug|Any CPU.Build.0 = Debug|Any CPU
		{93231B9A-F179-B888-93DC-0760A66B519B}.Release|Any CPU.ActiveCfg = Release|Any CPU
		{93231B9A-F179-B888-93DC-0760A66B519B}.Release|Any CPU.Build.0 = Release|Any CPU
		{22983242-5B79-7C0E-97A8-DE57ED84161A}.Debug|Any CPU.ActiveCfg = Debug|Any CPU
		{22983242-5B79-7C0E-97A8-DE57ED84161A}.Debug|Any CPU.Build.0 = Debug|Any CPU
		{22983242-5B79-7C0E-97A8-DE57ED84161A}.Release|Any CPU.ActiveCfg = Release|Any CPU
		{22983242-5B79-7C0E-97A8-DE57ED84161A}.Release|Any CPU.Build.0 = Release|Any CPU
		{D7A58235-C887-A54D-DC89-BD097879B2ED}.Debug|Any CPU.ActiveCfg = Debug|Any CPU
		{D7A58235-C887-A54D-DC89-BD097879B2ED}.Debug|Any CPU.Build.0 = Debug|Any CPU
		{D7A58235-C887-A54D-DC89-BD097879B2ED}.Release|Any CPU.ActiveCfg = Release|Any CPU
		{D7A58235-C887-A54D-DC89-BD097879B2ED}.Release|Any CPU.Build.0 = Release|Any CPU
		{61843F0C-0DD1-3C58-0FC1-E7A573DCDCDA}.Debug|Any CPU.ActiveCfg = Debug|Any CPU
		{61843F0C-0DD1-3C58-0FC1-E7A573DCDCDA}.Debug|Any CPU.Build.0 = Debug|Any CPU
		{61843F0C-0DD1-3C58-0FC1-E7A573DCDCDA}.Release|Any CPU.ActiveCfg = Release|Any CPU
		{61843F0C-0DD1-3C58-0FC1-E7A573DCDCDA}.Release|Any CPU.Build.0 = Release|Any CPU
		{18CA6DD6-81D8-AFA2-622A-356044C43C0F}.Debug|Any CPU.ActiveCfg = Debug|Any CPU
		{18CA6DD6-81D8-AFA2-622A-356044C43C0F}.Debug|Any CPU.Build.0 = Debug|Any CPU
		{18CA6DD6-81D8-AFA2-622A-356044C43C0F}.Release|Any CPU.ActiveCfg = Release|Any CPU
		{18CA6DD6-81D8-AFA2-622A-356044C43C0F}.Release|Any CPU.Build.0 = Release|Any CPU
		{312A98AF-DD36-CB94-CD2D-FC828310CB43}.Debug|Any CPU.ActiveCfg = Debug|Any CPU
		{312A98AF-DD36-CB94-CD2D-FC828310CB43}.Debug|Any CPU.Build.0 = Debug|Any CPU
		{312A98AF-DD36-CB94-CD2D-FC828310CB43}.Release|Any CPU.ActiveCfg = Release|Any CPU
		{312A98AF-DD36-CB94-CD2D-FC828310CB43}.Release|Any CPU.Build.0 = Release|Any CPU
		{DDCBD7AA-0251-D976-DD48-E2F4EF1AAA85}.Debug|Any CPU.ActiveCfg = Debug|Any CPU
		{DDCBD7AA-0251-D976-DD48-E2F4EF1AAA85}.Debug|Any CPU.Build.0 = Debug|Any CPU
		{DDCBD7AA-0251-D976-DD48-E2F4EF1AAA85}.Release|Any CPU.ActiveCfg = Release|Any CPU
		{DDCBD7AA-0251-D976-DD48-E2F4EF1AAA85}.Release|Any CPU.Build.0 = Release|Any CPU
		{283B96EC-4AB2-F486-2B8C-DE104E3CC774}.Debug|Any CPU.ActiveCfg = Debug|Any CPU
		{283B96EC-4AB2-F486-2B8C-DE104E3CC774}.Debug|Any CPU.Build.0 = Debug|Any CPU
		{283B96EC-4AB2-F486-2B8C-DE104E3CC774}.Release|Any CPU.ActiveCfg = Release|Any CPU
		{283B96EC-4AB2-F486-2B8C-DE104E3CC774}.Release|Any CPU.Build.0 = Release|Any CPU
		{0246228B-0169-7CC4-F528-DE5ADE279507}.Debug|Any CPU.ActiveCfg = Debug|Any CPU
		{0246228B-0169-7CC4-F528-DE5ADE279507}.Debug|Any CPU.Build.0 = Debug|Any CPU
		{0246228B-0169-7CC4-F528-DE5ADE279507}.Release|Any CPU.ActiveCfg = Release|Any CPU
		{0246228B-0169-7CC4-F528-DE5ADE279507}.Release|Any CPU.Build.0 = Release|Any CPU
		{B2EFB15A-062C-E10E-AB6B-8C0F027676DE}.Debug|Any CPU.ActiveCfg = Debug|Any CPU
		{B2EFB15A-062C-E10E-AB6B-8C0F027676DE}.Debug|Any CPU.Build.0 = Debug|Any CPU
		{B2EFB15A-062C-E10E-AB6B-8C0F027676DE}.Release|Any CPU.ActiveCfg = Release|Any CPU
		{B2EFB15A-062C-E10E-AB6B-8C0F027676DE}.Release|Any CPU.Build.0 = Release|Any CPU
		{1CF38070-597E-F530-6793-81D6D23A2BCC}.Debug|Any CPU.ActiveCfg = Debug|Any CPU
		{1CF38070-597E-F530-6793-81D6D23A2BCC}.Debug|Any CPU.Build.0 = Debug|Any CPU
		{1CF38070-597E-F530-6793-81D6D23A2BCC}.Release|Any CPU.ActiveCfg = Release|Any CPU
		{1CF38070-597E-F530-6793-81D6D23A2BCC}.Release|Any CPU.Build.0 = Release|Any CPU
		{BDE0B92B-7F9E-3B1C-192E-E54F5822A241}.Debug|Any CPU.ActiveCfg = Debug|Any CPU
		{BDE0B92B-7F9E-3B1C-192E-E54F5822A241}.Debug|Any CPU.Build.0 = Debug|Any CPU
		{BDE0B92B-7F9E-3B1C-192E-E54F5822A241}.Release|Any CPU.ActiveCfg = Release|Any CPU
		{BDE0B92B-7F9E-3B1C-192E-E54F5822A241}.Release|Any CPU.Build.0 = Release|Any CPU
		{A06502A6-49AA-AEFE-DEDE-FFFD0BF6ECA3}.Debug|Any CPU.ActiveCfg = Debug|Any CPU
		{A06502A6-49AA-AEFE-DEDE-FFFD0BF6ECA3}.Debug|Any CPU.Build.0 = Debug|Any CPU
		{A06502A6-49AA-AEFE-DEDE-FFFD0BF6ECA3}.Release|Any CPU.ActiveCfg = Release|Any CPU
		{A06502A6-49AA-AEFE-DEDE-FFFD0BF6ECA3}.Release|Any CPU.Build.0 = Release|Any CPU
		{05F8E5E9-2F5B-0B03-6C52-81754E56331D}.Debug|Any CPU.ActiveCfg = Debug|Any CPU
		{05F8E5E9-2F5B-0B03-6C52-81754E56331D}.Debug|Any CPU.Build.0 = Debug|Any CPU
		{05F8E5E9-2F5B-0B03-6C52-81754E56331D}.Release|Any CPU.ActiveCfg = Release|Any CPU
		{05F8E5E9-2F5B-0B03-6C52-81754E56331D}.Release|Any CPU.Build.0 = Release|Any CPU
		{EE6744B5-0D05-5BA4-36C5-E8F7E50F11DD}.Debug|Any CPU.ActiveCfg = Debug|Any CPU
		{EE6744B5-0D05-5BA4-36C5-E8F7E50F11DD}.Debug|Any CPU.Build.0 = Debug|Any CPU
		{EE6744B5-0D05-5BA4-36C5-E8F7E50F11DD}.Release|Any CPU.ActiveCfg = Release|Any CPU
		{EE6744B5-0D05-5BA4-36C5-E8F7E50F11DD}.Release|Any CPU.Build.0 = Release|Any CPU
		{0EE0DA2A-4EC8-EED6-5E5D-6A2E0919145A}.Debug|Any CPU.ActiveCfg = Debug|Any CPU
		{0EE0DA2A-4EC8-EED6-5E5D-6A2E0919145A}.Debug|Any CPU.Build.0 = Debug|Any CPU
		{0EE0DA2A-4EC8-EED6-5E5D-6A2E0919145A}.Release|Any CPU.ActiveCfg = Release|Any CPU
		{0EE0DA2A-4EC8-EED6-5E5D-6A2E0919145A}.Release|Any CPU.Build.0 = Release|Any CPU
		{5BA7015E-61F7-ECBF-F74B-1335350E3001}.Debug|Any CPU.ActiveCfg = Debug|Any CPU
		{5BA7015E-61F7-ECBF-F74B-1335350E3001}.Debug|Any CPU.Build.0 = Debug|Any CPU
		{5BA7015E-61F7-ECBF-F74B-1335350E3001}.Release|Any CPU.ActiveCfg = Release|Any CPU
		{5BA7015E-61F7-ECBF-F74B-1335350E3001}.Release|Any CPU.Build.0 = Release|Any CPU
		{CAA288B1-066E-F864-8C2A-F74425CC2E6F}.Debug|Any CPU.ActiveCfg = Debug|Any CPU
		{CAA288B1-066E-F864-8C2A-F74425CC2E6F}.Debug|Any CPU.Build.0 = Debug|Any CPU
		{CAA288B1-066E-F864-8C2A-F74425CC2E6F}.Release|Any CPU.ActiveCfg = Release|Any CPU
		{CAA288B1-066E-F864-8C2A-F74425CC2E6F}.Release|Any CPU.Build.0 = Release|Any CPU
		{609FA932-D98C-7CA1-ACFE-6900524739CF}.Debug|Any CPU.ActiveCfg = Debug|Any CPU
		{609FA932-D98C-7CA1-ACFE-6900524739CF}.Debug|Any CPU.Build.0 = Debug|Any CPU
		{609FA932-D98C-7CA1-ACFE-6900524739CF}.Release|Any CPU.ActiveCfg = Release|Any CPU
		{609FA932-D98C-7CA1-ACFE-6900524739CF}.Release|Any CPU.Build.0 = Release|Any CPU
		{31520958-BD8A-A056-F955-C43CF92101A2}.Debug|Any CPU.ActiveCfg = Debug|Any CPU
		{31520958-BD8A-A056-F955-C43CF92101A2}.Debug|Any CPU.Build.0 = Debug|Any CPU
		{31520958-BD8A-A056-F955-C43CF92101A2}.Release|Any CPU.ActiveCfg = Release|Any CPU
		{31520958-BD8A-A056-F955-C43CF92101A2}.Release|Any CPU.Build.0 = Release|Any CPU
		{5B66AE76-D87C-154E-9DAB-F65C48BD7D8F}.Debug|Any CPU.ActiveCfg = Debug|Any CPU
		{5B66AE76-D87C-154E-9DAB-F65C48BD7D8F}.Debug|Any CPU.Build.0 = Debug|Any CPU
		{5B66AE76-D87C-154E-9DAB-F65C48BD7D8F}.Release|Any CPU.ActiveCfg = Release|Any CPU
		{5B66AE76-D87C-154E-9DAB-F65C48BD7D8F}.Release|Any CPU.Build.0 = Release|Any CPU
		{95540C97-1D1D-8A42-43B7-27CEDF34D582}.Debug|Any CPU.ActiveCfg = Debug|Any CPU
		{95540C97-1D1D-8A42-43B7-27CEDF34D582}.Debug|Any CPU.Build.0 = Debug|Any CPU
		{95540C97-1D1D-8A42-43B7-27CEDF34D582}.Release|Any CPU.ActiveCfg = Release|Any CPU
		{95540C97-1D1D-8A42-43B7-27CEDF34D582}.Release|Any CPU.Build.0 = Release|Any CPU
		{10A64696-6FFE-CC99-B51A-CEF6450661A3}.Debug|Any CPU.ActiveCfg = Debug|Any CPU
		{10A64696-6FFE-CC99-B51A-CEF6450661A3}.Debug|Any CPU.Build.0 = Debug|Any CPU
		{10A64696-6FFE-CC99-B51A-CEF6450661A3}.Release|Any CPU.ActiveCfg = Release|Any CPU
		{10A64696-6FFE-CC99-B51A-CEF6450661A3}.Release|Any CPU.Build.0 = Release|Any CPU
		{70BB2F1D-4265-A204-9CE9-16DCF0414273}.Debug|Any CPU.ActiveCfg = Debug|Any CPU
		{70BB2F1D-4265-A204-9CE9-16DCF0414273}.Debug|Any CPU.Build.0 = Debug|Any CPU
		{70BB2F1D-4265-A204-9CE9-16DCF0414273}.Release|Any CPU.ActiveCfg = Release|Any CPU
		{70BB2F1D-4265-A204-9CE9-16DCF0414273}.Release|Any CPU.Build.0 = Release|Any CPU
		{8B85EE51-C1F7-08E3-7AF8-796F9A2C6F43}.Debug|Any CPU.ActiveCfg = Debug|Any CPU
		{8B85EE51-C1F7-08E3-7AF8-796F9A2C6F43}.Debug|Any CPU.Build.0 = Debug|Any CPU
		{8B85EE51-C1F7-08E3-7AF8-796F9A2C6F43}.Release|Any CPU.ActiveCfg = Release|Any CPU
		{8B85EE51-C1F7-08E3-7AF8-796F9A2C6F43}.Release|Any CPU.Build.0 = Release|Any CPU
		{3311EF85-F3DC-E9E8-BF50-04403E0D5956}.Debug|Any CPU.ActiveCfg = Debug|Any CPU
		{3311EF85-F3DC-E9E8-BF50-04403E0D5956}.Debug|Any CPU.Build.0 = Debug|Any CPU
		{3311EF85-F3DC-E9E8-BF50-04403E0D5956}.Release|Any CPU.ActiveCfg = Release|Any CPU
		{3311EF85-F3DC-E9E8-BF50-04403E0D5956}.Release|Any CPU.Build.0 = Release|Any CPU
		{E5334234-978D-7673-1D07-656CA92896D0}.Debug|Any CPU.ActiveCfg = Debug|Any CPU
		{E5334234-978D-7673-1D07-656CA92896D0}.Debug|Any CPU.Build.0 = Debug|Any CPU
		{E5334234-978D-7673-1D07-656CA92896D0}.Release|Any CPU.ActiveCfg = Release|Any CPU
		{E5334234-978D-7673-1D07-656CA92896D0}.Release|Any CPU.Build.0 = Release|Any CPU
		{A481C130-B47D-6E42-B3F8-B95427EA796C}.Debug|Any CPU.ActiveCfg = Debug|Any CPU
		{A481C130-B47D-6E42-B3F8-B95427EA796C}.Debug|Any CPU.Build.0 = Debug|Any CPU
		{A481C130-B47D-6E42-B3F8-B95427EA796C}.Release|Any CPU.ActiveCfg = Release|Any CPU
		{A481C130-B47D-6E42-B3F8-B95427EA796C}.Release|Any CPU.Build.0 = Release|Any CPU
		{9B16227E-3E10-41AC-604E-EBC1478250FC}.Debug|Any CPU.ActiveCfg = Debug|Any CPU
		{9B16227E-3E10-41AC-604E-EBC1478250FC}.Debug|Any CPU.Build.0 = Debug|Any CPU
		{9B16227E-3E10-41AC-604E-EBC1478250FC}.Release|Any CPU.ActiveCfg = Release|Any CPU
		{9B16227E-3E10-41AC-604E-EBC1478250FC}.Release|Any CPU.Build.0 = Release|Any CPU
		{D5CE98E4-251E-891F-FB66-0EED9E8BB21D}.Debug|Any CPU.ActiveCfg = Debug|Any CPU
		{D5CE98E4-251E-891F-FB66-0EED9E8BB21D}.Debug|Any CPU.Build.0 = Debug|Any CPU
		{D5CE98E4-251E-891F-FB66-0EED9E8BB21D}.Release|Any CPU.ActiveCfg = Release|Any CPU
		{D5CE98E4-251E-891F-FB66-0EED9E8BB21D}.Release|Any CPU.Build.0 = Release|Any CPU
		{22BD96F4-C08A-8826-E8F7-31723FE73815}.Debug|Any CPU.ActiveCfg = Debug|Any CPU
		{22BD96F4-C08A-8826-E8F7-31723FE73815}.Debug|Any CPU.Build.0 = Debug|Any CPU
		{22BD96F4-C08A-8826-E8F7-31723FE73815}.Release|Any CPU.ActiveCfg = Release|Any CPU
		{22BD96F4-C08A-8826-E8F7-31723FE73815}.Release|Any CPU.Build.0 = Release|Any CPU
		{19D681D2-21B8-04AF-3EC3-33CE20E4158A}.Debug|Any CPU.ActiveCfg = Debug|Any CPU
		{19D681D2-21B8-04AF-3EC3-33CE20E4158A}.Debug|Any CPU.Build.0 = Debug|Any CPU
		{19D681D2-21B8-04AF-3EC3-33CE20E4158A}.Release|Any CPU.ActiveCfg = Release|Any CPU
		{19D681D2-21B8-04AF-3EC3-33CE20E4158A}.Release|Any CPU.Build.0 = Release|Any CPU
		{76111A59-0843-333F-5BD9-B62EB431FE03}.Debug|Any CPU.ActiveCfg = Debug|Any CPU
		{76111A59-0843-333F-5BD9-B62EB431FE03}.Debug|Any CPU.Build.0 = Debug|Any CPU
		{76111A59-0843-333F-5BD9-B62EB431FE03}.Release|Any CPU.ActiveCfg = Release|Any CPU
		{76111A59-0843-333F-5BD9-B62EB431FE03}.Release|Any CPU.Build.0 = Release|Any CPU
		{E2D630E2-E0B1-D439-182A-8089068CEDC5}.Debug|Any CPU.ActiveCfg = Debug|Any CPU
		{E2D630E2-E0B1-D439-182A-8089068CEDC5}.Debug|Any CPU.Build.0 = Debug|Any CPU
		{E2D630E2-E0B1-D439-182A-8089068CEDC5}.Release|Any CPU.ActiveCfg = Release|Any CPU
		{E2D630E2-E0B1-D439-182A-8089068CEDC5}.Release|Any CPU.Build.0 = Release|Any CPU
		{6A2B2592-6E9E-9E23-13C3-B30E682B858E}.Debug|Any CPU.ActiveCfg = Debug|Any CPU
		{6A2B2592-6E9E-9E23-13C3-B30E682B858E}.Debug|Any CPU.Build.0 = Debug|Any CPU
		{6A2B2592-6E9E-9E23-13C3-B30E682B858E}.Release|Any CPU.ActiveCfg = Release|Any CPU
		{6A2B2592-6E9E-9E23-13C3-B30E682B858E}.Release|Any CPU.Build.0 = Release|Any CPU
		{41EEA6A3-75BA-383D-A58A-3F499F2B1CA9}.Debug|Any CPU.ActiveCfg = Debug|Any CPU
		{41EEA6A3-75BA-383D-A58A-3F499F2B1CA9}.Debug|Any CPU.Build.0 = Debug|Any CPU
		{41EEA6A3-75BA-383D-A58A-3F499F2B1CA9}.Release|Any CPU.ActiveCfg = Release|Any CPU
		{41EEA6A3-75BA-383D-A58A-3F499F2B1CA9}.Release|Any CPU.Build.0 = Release|Any CPU
		{B3092AD2-A24E-EAE1-5864-77624EB04801}.Debug|Any CPU.ActiveCfg = Debug|Any CPU
		{B3092AD2-A24E-EAE1-5864-77624EB04801}.Debug|Any CPU.Build.0 = Debug|Any CPU
		{B3092AD2-A24E-EAE1-5864-77624EB04801}.Release|Any CPU.ActiveCfg = Release|Any CPU
		{B3092AD2-A24E-EAE1-5864-77624EB04801}.Release|Any CPU.Build.0 = Release|Any CPU
		{A678721F-AE1B-E96E-E608-086B5CB24506}.Debug|Any CPU.ActiveCfg = Debug|Any CPU
		{A678721F-AE1B-E96E-E608-086B5CB24506}.Debug|Any CPU.Build.0 = Debug|Any CPU
		{A678721F-AE1B-E96E-E608-086B5CB24506}.Release|Any CPU.ActiveCfg = Release|Any CPU
		{A678721F-AE1B-E96E-E608-086B5CB24506}.Release|Any CPU.Build.0 = Release|Any CPU
		{15EB02F0-1600-2457-A7AC-FAC0387F84A4}.Debug|Any CPU.ActiveCfg = Debug|Any CPU
		{15EB02F0-1600-2457-A7AC-FAC0387F84A4}.Debug|Any CPU.Build.0 = Debug|Any CPU
		{15EB02F0-1600-2457-A7AC-FAC0387F84A4}.Release|Any CPU.ActiveCfg = Release|Any CPU
		{15EB02F0-1600-2457-A7AC-FAC0387F84A4}.Release|Any CPU.Build.0 = Release|Any CPU
		{B3A2F0EB-FC01-7C51-38F5-4878FDA4BDE1}.Debug|Any CPU.ActiveCfg = Debug|Any CPU
		{B3A2F0EB-FC01-7C51-38F5-4878FDA4BDE1}.Debug|Any CPU.Build.0 = Debug|Any CPU
		{B3A2F0EB-FC01-7C51-38F5-4878FDA4BDE1}.Release|Any CPU.ActiveCfg = Release|Any CPU
		{B3A2F0EB-FC01-7C51-38F5-4878FDA4BDE1}.Release|Any CPU.Build.0 = Release|Any CPU
		{2209C083-2443-930F-9BF6-7F03732FB5FB}.Debug|Any CPU.ActiveCfg = Debug|Any CPU
		{2209C083-2443-930F-9BF6-7F03732FB5FB}.Debug|Any CPU.Build.0 = Debug|Any CPU
		{2209C083-2443-930F-9BF6-7F03732FB5FB}.Release|Any CPU.ActiveCfg = Release|Any CPU
		{2209C083-2443-930F-9BF6-7F03732FB5FB}.Release|Any CPU.Build.0 = Release|Any CPU
		{F623A267-7FEF-208E-B756-2C5A2813F190}.Debug|Any CPU.ActiveCfg = Debug|Any CPU
		{F623A267-7FEF-208E-B756-2C5A2813F190}.Debug|Any CPU.Build.0 = Debug|Any CPU
		{F623A267-7FEF-208E-B756-2C5A2813F190}.Release|Any CPU.ActiveCfg = Release|Any CPU
		{F623A267-7FEF-208E-B756-2C5A2813F190}.Release|Any CPU.Build.0 = Release|Any CPU
		{DC3A995B-809D-BAD5-09D0-E30BCBDCDDA9}.Debug|Any CPU.ActiveCfg = Debug|Any CPU
		{DC3A995B-809D-BAD5-09D0-E30BCBDCDDA9}.Debug|Any CPU.Build.0 = Debug|Any CPU
		{DC3A995B-809D-BAD5-09D0-E30BCBDCDDA9}.Release|Any CPU.ActiveCfg = Release|Any CPU
		{DC3A995B-809D-BAD5-09D0-E30BCBDCDDA9}.Release|Any CPU.Build.0 = Release|Any CPU
		{FF403B32-B666-1AD4-CA8B-D577C02E25E7}.Debug|Any CPU.ActiveCfg = Debug|Any CPU
		{FF403B32-B666-1AD4-CA8B-D577C02E25E7}.Debug|Any CPU.Build.0 = Debug|Any CPU
		{FF403B32-B666-1AD4-CA8B-D577C02E25E7}.Release|Any CPU.ActiveCfg = Release|Any CPU
		{FF403B32-B666-1AD4-CA8B-D577C02E25E7}.Release|Any CPU.Build.0 = Release|Any CPU
		{E48D4BE1-1416-27FD-8F15-2F972A57F74F}.Debug|Any CPU.ActiveCfg = Debug|Any CPU
		{E48D4BE1-1416-27FD-8F15-2F972A57F74F}.Debug|Any CPU.Build.0 = Debug|Any CPU
		{E48D4BE1-1416-27FD-8F15-2F972A57F74F}.Release|Any CPU.ActiveCfg = Release|Any CPU
		{E48D4BE1-1416-27FD-8F15-2F972A57F74F}.Release|Any CPU.Build.0 = Release|Any CPU
		{4B56F665-2582-73F4-E311-8DA9C560AAB2}.Debug|Any CPU.ActiveCfg = Debug|Any CPU
		{4B56F665-2582-73F4-E311-8DA9C560AAB2}.Debug|Any CPU.Build.0 = Debug|Any CPU
		{4B56F665-2582-73F4-E311-8DA9C560AAB2}.Release|Any CPU.ActiveCfg = Release|Any CPU
		{4B56F665-2582-73F4-E311-8DA9C560AAB2}.Release|Any CPU.Build.0 = Release|Any CPU
		{A64D2F33-2B22-2644-59E3-99753924ADD6}.Debug|Any CPU.ActiveCfg = Debug|Any CPU
		{A64D2F33-2B22-2644-59E3-99753924ADD6}.Debug|Any CPU.Build.0 = Debug|Any CPU
		{A64D2F33-2B22-2644-59E3-99753924ADD6}.Release|Any CPU.ActiveCfg = Release|Any CPU
		{A64D2F33-2B22-2644-59E3-99753924ADD6}.Release|Any CPU.Build.0 = Release|Any CPU
		{98E52EE6-20A2-A171-3516-A7606D5F42AF}.Debug|Any CPU.ActiveCfg = Debug|Any CPU
		{98E52EE6-20A2-A171-3516-A7606D5F42AF}.Debug|Any CPU.Build.0 = Debug|Any CPU
		{98E52EE6-20A2-A171-3516-A7606D5F42AF}.Release|Any CPU.ActiveCfg = Release|Any CPU
		{98E52EE6-20A2-A171-3516-A7606D5F42AF}.Release|Any CPU.Build.0 = Release|Any CPU
		{352CF307-6DA1-1019-B126-649D80155ED9}.Debug|Any CPU.ActiveCfg = Debug|Any CPU
		{352CF307-6DA1-1019-B126-649D80155ED9}.Debug|Any CPU.Build.0 = Debug|Any CPU
		{352CF307-6DA1-1019-B126-649D80155ED9}.Release|Any CPU.ActiveCfg = Release|Any CPU
		{352CF307-6DA1-1019-B126-649D80155ED9}.Release|Any CPU.Build.0 = Release|Any CPU
		{D42B2AC8-423F-5EDC-95AC-DA56B3EAA12F}.Debug|Any CPU.ActiveCfg = Debug|Any CPU
		{D42B2AC8-423F-5EDC-95AC-DA56B3EAA12F}.Debug|Any CPU.Build.0 = Debug|Any CPU
		{D42B2AC8-423F-5EDC-95AC-DA56B3EAA12F}.Release|Any CPU.ActiveCfg = Release|Any CPU
		{D42B2AC8-423F-5EDC-95AC-DA56B3EAA12F}.Release|Any CPU.Build.0 = Release|Any CPU
		{814A0D87-E118-BDE2-4958-F3455F171589}.Debug|Any CPU.ActiveCfg = Debug|Any CPU
		{814A0D87-E118-BDE2-4958-F3455F171589}.Debug|Any CPU.Build.0 = Debug|Any CPU
		{814A0D87-E118-BDE2-4958-F3455F171589}.Release|Any CPU.ActiveCfg = Release|Any CPU
		{814A0D87-E118-BDE2-4958-F3455F171589}.Release|Any CPU.Build.0 = Release|Any CPU
		{84335145-F4D1-DAE0-00FA-FF4E8E3B3D13}.Debug|Any CPU.ActiveCfg = Debug|Any CPU
		{84335145-F4D1-DAE0-00FA-FF4E8E3B3D13}.Debug|Any CPU.Build.0 = Debug|Any CPU
		{84335145-F4D1-DAE0-00FA-FF4E8E3B3D13}.Release|Any CPU.ActiveCfg = Release|Any CPU
		{84335145-F4D1-DAE0-00FA-FF4E8E3B3D13}.Release|Any CPU.Build.0 = Release|Any CPU
		{A02A011D-130D-FBE7-C20A-84B824D6E738}.Debug|Any CPU.ActiveCfg = Debug|Any CPU
		{A02A011D-130D-FBE7-C20A-84B824D6E738}.Debug|Any CPU.Build.0 = Debug|Any CPU
		{A02A011D-130D-FBE7-C20A-84B824D6E738}.Release|Any CPU.ActiveCfg = Release|Any CPU
		{A02A011D-130D-FBE7-C20A-84B824D6E738}.Release|Any CPU.Build.0 = Release|Any CPU
		{7816B773-A230-71FF-96DF-4F045BCC484C}.Debug|Any CPU.ActiveCfg = Debug|Any CPU
		{7816B773-A230-71FF-96DF-4F045BCC484C}.Debug|Any CPU.Build.0 = Debug|Any CPU
		{7816B773-A230-71FF-96DF-4F045BCC484C}.Release|Any CPU.ActiveCfg = Release|Any CPU
		{7816B773-A230-71FF-96DF-4F045BCC484C}.Release|Any CPU.Build.0 = Release|Any CPU
		{1D5FF21D-C363-2DFC-7D60-C98CA4E207FE}.Debug|Any CPU.ActiveCfg = Debug|Any CPU
		{1D5FF21D-C363-2DFC-7D60-C98CA4E207FE}.Debug|Any CPU.Build.0 = Debug|Any CPU
		{1D5FF21D-C363-2DFC-7D60-C98CA4E207FE}.Release|Any CPU.ActiveCfg = Release|Any CPU
		{1D5FF21D-C363-2DFC-7D60-C98CA4E207FE}.Release|Any CPU.Build.0 = Release|Any CPU
		{DA230D93-6E12-7740-E2BC-B44849CEAEE0}.Debug|Any CPU.ActiveCfg = Debug|Any CPU
		{DA230D93-6E12-7740-E2BC-B44849CEAEE0}.Debug|Any CPU.Build.0 = Debug|Any CPU
		{DA230D93-6E12-7740-E2BC-B44849CEAEE0}.Release|Any CPU.ActiveCfg = Release|Any CPU
		{DA230D93-6E12-7740-E2BC-B44849CEAEE0}.Release|Any CPU.Build.0 = Release|Any CPU
	EndGlobalSection
	GlobalSection(SolutionProperties) = preSolution
		HideSolutionNode = FALSE
	EndGlobalSection
	GlobalSection(ExtensibilityGlobals) = postSolution
		SolutionGuid = {D783636A-3F4C-4119-ACA8-6BDF41E94266}
	EndGlobalSection
EndGlobal
