
Microsoft Visual Studio Solution File, Format Version 12.00
# Visual Studio Version 17
VisualStudioVersion = 17.14.36518.9 d17.14
MinimumVisualStudioVersion = 10.0.40219.1
Project("{FAE04EC0-301F-11D3-BF4B-00C04F79EFBC}") = "WindowsFormsApp8", "WindowsFormsApp8.csproj", "{66658A04-34C0-48D5-B550-4F682D406D20}"
EndProject
Global
	GlobalSection(SolutionConfigurationPlatforms) = preSolution
		Debug|Any CPU = Debug|Any CPU
		Release|Any CPU = Release|Any CPU
	EndGlobalSection
	GlobalSection(ProjectConfigurationPlatforms) = postSolution
		{66658A04-34C0-48D5-B550-4F682D406D20}.Debug|Any CPU.ActiveCfg = Debug|Any CPU
		{66658A04-34C0-48D5-B550-4F682D406D20}.Debug|Any CPU.Build.0 = Debug|Any CPU
		{66658A04-34C0-48D5-B550-4F682D406D20}.Release|Any CPU.ActiveCfg = Release|Any CPU
		{66658A04-34C0-48D5-B550-4F682D406D20}.Release|Any CPU.Build.0 = Release|Any CPU
	EndGlobalSection
	GlobalSection(SolutionProperties) = preSolution
		HideSolutionNode = FALSE
	EndGlobalSection
	GlobalSection(ExtensibilityGlobals) = postSolution
		SolutionGuid = {70CDEB5C-21C4-40EA-B6EA-403F7911063B}
	EndGlobalSection
EndGlobal
